{
  "plugin_type": "loaders",
  "name": "target-parquet",
  "namespace": "target_parquet",
  "variant": "estrategiahq",
  "label": "Parquet",
  "docs": "https://hub.meltano.com/loaders/target-parquet--estrategiahq",
  "repo": "https://github.com/estrategiahq/target-parquet",
  "pip_url": "git+https://github.com/estrategiahq/target-parquet.git",
  "settings": [
    {
      "name": "disable_collection",
      "kind": "boolean",
      "label": "Disable Collection",
      "description": "A boolean of whether to disable Singer anonymous tracking."
    },
    {
      "name": "logging_level",
      "label": "Logging Level",
      "description": "(Default - INFO) The log level. Can also be set using environment variables."
    },
    {
      "name": "destination_path",
      "label": "Destination Path",
      "description": "(Default - '.') The path to write files out to."
    },
    {
      "name": "compression_method",
      "label": "Compression Method",
      "description": "Compression methods have to be supported by Pyarrow, and currently the compression modes available are - snappy (recommended), zstd, brotli and gzip."
    },
    {
      "name": "streams_in_separate_folder",
      "kind": "boolean",
      "label": "Streams In Separate Folder",
      "description": "(Default - False) The option to create each stream in a different folder, as these are expected to come in different schema."
    },
    {
      "name": "file_size",
      "kind": "integer",
      "label": "File Size",
      "description": "The number of rows to write per file. The default is to write to a single file."
    }
  ]
}