{
  "plugin_type": "files",
  "name": "files-dbt",
  "namespace": "files_dbt",
  "variant": "meltano",
  "label": "dbt Files",
  "docs": "https://hub.meltano.com/files/files-dbt--meltano",
  "repo": "https://github.com/meltano/files-dbt",
  "pip_url": "git+https://github.com/meltano/files-dbt.git@config-version-2",
  "logo_url": "https://hub.meltano.com/assets/logos/files/dbt.png"
}