{
  "plugin_type": "utilities",
  "name": "evidence",
  "namespace": "evidence",
  "variant": "meltanolabs",
  "label": "Evidence",
  "docs": "https://hub.meltano.com/utilities/evidence--meltanolabs",
  "repo": "https://github.com/evidence-dev/evidence",
  "pip_url": "evidence-ext>=0.5",
  "executable": "evidence_extension",
  "description": "Business Intelligence for Modern Data Teams.\nBeautiful reports synced to your data with just SQL and markdown.\n",
  "logo_url": "https://hub.meltano.com/assets/logos/utilities/evidence.png",
  "settings_group_validation": [
    [
      "home_dir"
    ],
    [
      "home_dir",
      "settings.database",
      "settings.duckdb.filename"
    ],
    [
      "home_dir",
      "settings.database",
      "settings.sqlite.filename"
    ],
    [
      "home_dir",
      "settings.database",
      "settings.bigquery.project_id",
      "settings.bigquery.client_email",
      "settings.bigquery.private_key"
    ],
    [
      "home_dir",
      "settings.database",
      "settings.mysql.host",
      "settings.mysql.database",
      "settings.mysql.user",
      "settings.mysql.password"
    ],
    [
      "home_dir",
      "settings.database",
      "settings.postgres.host",
      "settings.postgres.port",
      "settings.postgres.database",
      "settings.postgres.user",
      "settings.postgres.password"
    ],
    [
      "home_dir",
      "settings.database",
      "settings.postgres.connection_string"
    ],
    [
      "home_dir",
      "settings.database",
      "settings.snowflake.account",
      "settings.snowflake.username",
      "settings.snowflake.password",
      "settings.snowflake.database",
      "settings.snowflake.warehouse"
    ]
  ],
  "settings": [
    {
      "name": "home_dir",
      "env": "EVIDENCE_HOME",
      "kind": "string",
      "value": "$MELTANO_PROJECT_ROOT/analyze/evidence",
      "label": "Evidence Home Dir",
      "description": "The directory where Evidence will store its project, configuration, logs, and other files.\n"
    },
    {
      "name": "settings.database",
      "env": "DATABASE",
      "kind": "options",
      "value": "duckdb",
      "options": [
        {
          "label": "BigQuery",
          "value": "bigquery"
        },
        {
          "label": "Postgres",
          "value": "postgres"
        },
        {
          "label": "MySQL",
          "value": "mysql"
        },
        {
          "label": "Redshift",
          "value": "redshift"
        },
        {
          "label": "Snowflake",
          "value": "snowflake"
        },
        {
          "label": "SQLite",
          "value": "sqlite"
        },
        {
          "label": "DuckDB",
          "value": "duckdb"
        },
        {
          "label": "CSV",
          "value": "csv"
        }
      ]
    },
    {
      "name": "settings.duckdb.filename",
      "env": "DUCKDB_FILENAME",
      "kind": "string",
      "value": "needful_things.duckdb",
      "label": "DuckDB Database File Name",
      "description": "Name of the DuckDB database file stored in the same directory as your Evidence project.\n"
    },
    {
      "name": "settings.duckdb.gitignore_duckdb",
      "env": "DUCKDB_GITIGNOREDUCKDB",
      "kind": "boolean",
      "label": "Gitignore DuckDB Database Files",
      "description": "Gitignore .db and .duckdb files\n"
    },
    {
      "name": "settings.sqlite.filename",
      "env": "SQLITE_FILENAME",
      "kind": "string",
      "label": "SQLite Database File Name",
      "description": "Name of the SQLite database file stored in the same directory as your Evidence project.\n"
    },
    {
      "name": "settings.sqlite.gitignore_sqlite",
      "env": "MYSQL_GITIGNORESQLITE",
      "kind": "boolean",
      "label": "Gitignore SQLite Database Files",
      "description": "Gitignore all SQLite files.\n"
    },
    {
      "name": "settings.bigquery.project_id",
      "env": "BIGQUERY_PROJECT_ID",
      "kind": "string",
      "label": "BigQuery Project ID"
    },
    {
      "name": "settings.bigquery.client_email",
      "env": "BIGQUERY_CLIENT_EMAIL",
      "kind": "string",
      "label": "BigQuery Client Email"
    },
    {
      "name": "settings.bigquery.private_key",
      "env": "BIGQUERY_PRIVATE_KEY",
      "kind": "password",
      "label": "BigQuery Private Key"
    },
    {
      "name": "settings.mysql.user",
      "env": "MYSQL_USER",
      "kind": "string",
      "label": "MySQL User"
    },
    {
      "name": "settings.mysql.host",
      "env": "MYSQL_HOST",
      "kind": "string",
      "label": "MySQL Host"
    },
    {
      "name": "settings.mysql.database",
      "env": "MYSQL_DATABASE",
      "kind": "string",
      "label": "MySQL Database"
    },
    {
      "name": "settings.mysql.password",
      "env": "MYSQL_PASSWORD",
      "kind": "password",
      "label": "MySQL Password"
    },
    {
      "name": "settings.mysql.port",
      "env": "MYSQL_PORT",
      "label": "MySQL Port"
    },
    {
      "name": "settings.mysql.ssl",
      "env": "MYSQL_SSL",
      "kind": "options",
      "label": "MySQL SSL",
      "options": [
        {
          "value": "true"
        },
        {
          "value": "false"
        },
        {
          "value": "Amazon RDS"
        }
      ]
    },
    {
      "name": "settings.mysql.socket_path",
      "env": "MYSQL_SOCKETPATH",
      "kind": "string",
      "label": "MySQL User",
      "description": "This is an optional field. When using Google Cloud MySQL this is commonly required.\n"
    },
    {
      "name": "settings.postgres.host",
      "env": "POSTGRES_HOST",
      "kind": "string",
      "label": "Postgres Host"
    },
    {
      "name": "settings.postgres.database",
      "env": "POSTGRES_DATABASE",
      "kind": "string",
      "label": "Postgres Database"
    },
    {
      "name": "settings.postgres.port",
      "env": "POSTGRES_PORT",
      "kind": "string",
      "label": "Postgres Port"
    },
    {
      "name": "settings.postgres.user",
      "env": "POSTGRES_USER",
      "kind": "string",
      "label": "Postgres User"
    },
    {
      "name": "settings.postgres.password",
      "env": "POSTGRES_PASSWORD",
      "kind": "password",
      "label": "Postgres Password"
    },
    {
      "name": "settings.postgres.ssl",
      "env": "POSTGRES_SSL",
      "kind": "options",
      "description": "Postgres SSL. When using Heroku this is commonly required.\n",
      "options": [
        {
          "value": "true"
        },
        {
          "value": "false"
        },
        {
          "value": "no-verify"
        }
      ]
    },
    {
      "name": "settings.postgres.connection_string",
      "env": "POSTGRES_CONNECTIONSTRING",
      "kind": "password",
      "label": "Postgres Connection String",
      "description": "If your database host provides a connection string, you can use that in place of the fields above.\n"
    },
    {
      "name": "settings.snowflake.account",
      "env": "SNOWFLAKE_ACCOUNT",
      "kind": "string",
      "label": "Snowflake Account"
    },
    {
      "name": "settings.snowflake.username",
      "env": "SNOWFLAKE_USERNAME",
      "kind": "string",
      "label": "Snowflake Username"
    },
    {
      "name": "settings.snowflake.password",
      "env": "SNOWFLAKE_PASSWORD",
      "kind": "password",
      "label": "Snowflake Password"
    },
    {
      "name": "settings.snowflake.database",
      "env": "SNOWFLAKE_DATABASE",
      "kind": "string",
      "label": "Snowflake Database"
    },
    {
      "name": "settings.snowflake.warehouse",
      "env": "SNOWFLAKE_WAREHOUSE",
      "kind": "string",
      "label": "Snowflake Warehouse"
    },
    {
      "name": "send_anonymous_usage_stats",
      "env": "SEND_ANONYMOUS_USAGE_STATS",
      "kind": "options",
      "value": "yes",
      "label": "Send Anonymous Usage Stats",
      "description": "Send Evidence anonymous usage stats.\n",
      "options": [
        {
          "value": "yes"
        },
        {
          "value": "no"
        }
      ]
    }
  ],
  "commands": {
    "build": {
      "args": "build",
      "description": "Build your Evidence project.",
      "executable": "evidence_extension"
    },
    "build-strict": {
      "args": "build --strict",
      "description": "Build your Evidence, but fail if there are errors in components. Commonly used in CI/CD.",
      "executable": "evidence_extension"
    },
    "describe": {
      "args": "describe",
      "description": "Describe the Evidence extension.",
      "executable": "evidence_extension"
    },
    "initialize": {
      "args": "initialize",
      "description": "Initialize a new Evidence project. By default this creates a sample project in `$MELTANO_PROJECT_ROOT/analyze/evidence`.\n",
      "executable": "evidence_extension"
    }
  },
  "ext_repo": "https://github.com/MeltanoLabs/evidence-ext"
}